
Microsoft Visual Studio Solution File, Format Version 12.00
# Visual Studio 2012
Project("{FAE04EC0-301F-11D3-BF4B-00C04F79EFBC}") = "Test_project", "Test_project\Test_project.csproj", "{745C86ED-682E-42F2-B2EA-800328E860B1}"
EndProject
Global
	GlobalSection(SolutionConfigurationPlatforms) = preSolution
		Debug|Any CPU = Debug|Any CPU
		Release|Any CPU = Release|Any CPU
	EndGlobalSection
	GlobalSection(ProjectConfigurationPlatforms) = postSolution
		{745C86ED-682E-42F2-B2EA-800328E860B1}.Debug|Any CPU.ActiveCfg = Debug|Any CPU
		{745C86ED-682E-42F2-B2EA-800328E860B1}.Debug|Any CPU.Build.0 = Debug|Any CPU
		{745C86ED-682E-42F2-B2EA-800328E860B1}.Release|Any CPU.ActiveCfg = Release|Any CPU
		{745C86ED-682E-42F2-B2EA-800328E860B1}.Release|Any CPU.Build.0 = Release|Any CPU
	EndGlobalSection
	GlobalSection(SolutionProperties) = preSolution
		HideSolutionNode = FALSE
	EndGlobalSection
EndGlobal
